
Microsoft Visual Studio Solution File, Format Version 12.00
# Visual Studio Version 17
VisualStudioVersion = 17.10.35027.167
MinimumVisualStudioVersion = 10.0.40219.1
Project("{FAE04EC0-301F-11D3-BF4B-00C04F79EFBC}") = "HospedajeGirardota", "HospedajeGirardota\HospedajeGirardota.csproj", "{2F41AA53-43B4-4B0A-A340-0C7B1FEF0D6E}"
EndProject
Global
	GlobalSection(SolutionConfigurationPlatforms) = preSolution
		Debug|Any CPU = Debug|Any CPU
		Release|Any CPU = Release|Any CPU
	EndGlobalSection
	GlobalSection(ProjectConfigurationPlatforms) = postSolution
		{2F41AA53-43B4-4B0A-A340-0C7B1FEF0D6E}.Debug|Any CPU.ActiveCfg = Debug|Any CPU
		{2F41AA53-43B4-4B0A-A340-0C7B1FEF0D6E}.Debug|Any CPU.Build.0 = Debug|Any CPU
		{2F41AA53-43B4-4B0A-A340-0C7B1FEF0D6E}.Release|Any CPU.ActiveCfg = Release|Any CPU
		{2F41AA53-43B4-4B0A-A340-0C7B1FEF0D6E}.Release|Any CPU.Build.0 = Release|Any CPU
	EndGlobalSection
	GlobalSection(SolutionProperties) = preSolution
		HideSolutionNode = FALSE
	EndGlobalSection
	GlobalSection(ExtensibilityGlobals) = postSolution
		SolutionGuid = {9C072490-2B8A-4C96-B44C-2F60DF29D7C1}
	EndGlobalSection
EndGlobal
