
Microsoft Visual Studio Solution File, Format Version 12.00
# Visual Studio Version 17
VisualStudioVersion = 17.9.34728.123
MinimumVisualStudioVersion = 10.0.40219.1
Project("{FAE04EC0-301F-11D3-BF4B-00C04F79EFBC}") = "HospedajeApi", "HospedajeApi\HospedajeApi.csproj", "{B312A9EA-027B-4CF9-BCF0-44FA024A4256}"
EndProject
Global
	GlobalSection(SolutionConfigurationPlatforms) = preSolution
		Debug|Any CPU = Debug|Any CPU
		Release|Any CPU = Release|Any CPU
	EndGlobalSection
	GlobalSection(ProjectConfigurationPlatforms) = postSolution
		{B312A9EA-027B-4CF9-BCF0-44FA024A4256}.Debug|Any CPU.ActiveCfg = Debug|Any CPU
		{B312A9EA-027B-4CF9-BCF0-44FA024A4256}.Debug|Any CPU.Build.0 = Debug|Any CPU
		{B312A9EA-027B-4CF9-BCF0-44FA024A4256}.Release|Any CPU.ActiveCfg = Release|Any CPU
		{B312A9EA-027B-4CF9-BCF0-44FA024A4256}.Release|Any CPU.Build.0 = Release|Any CPU
	EndGlobalSection
	GlobalSection(SolutionProperties) = preSolution
		HideSolutionNode = FALSE
	EndGlobalSection
	GlobalSection(ExtensibilityGlobals) = postSolution
		SolutionGuid = {9DFDA4E5-BA6E-4E06-81F6-FF8BD82D1D09}
	EndGlobalSection
EndGlobal
